// !$*UTF8*$!
{
	archiveVersion = 1;
	classes = {
	};
	objectVersion = 48;
	objects = {

/* Begin PBXBuildFile section */
		2468AA4B1FDDACA000E7C506 /* DetailController.swift in Sources */ = {isa = PBXBuildFile; fileRef = 2468AA4A1FDDACA000E7C506 /* DetailController.swift */; };
		248C66391FE1DDBD00620545 /* MissionaryViewController.swift in Sources */ = {isa = PBXBuildFile; fileRef = 248C66381FE1DDBD00620545 /* MissionaryViewController.swift */; };
		24A20E441FE08F0300AAD91C /* MissionaryCell.swift in Sources */ = {isa = PBXBuildFile; fileRef = 24A20E431FE08F0300AAD91C /* MissionaryCell.swift */; };
		24A854A31FE0DDF200846A37 /* Missionary.swift in Sources */ = {isa = PBXBuildFile; fileRef = 24A854A21FE0DDF200846A37 /* Missionary.swift */; };
		24DDB3411FDDA922002A0722 /* AppDelegate.swift in Sources */ = {isa = PBXBuildFile; fileRef = 24DDB3401FDDA922002A0722 /* AppDelegate.swift */; };
		24DDB3431FDDA922002A0722 /* ViewController.swift in Sources */ = {isa = PBXBuildFile; fileRef = 24DDB3421FDDA922002A0722 /* ViewController.swift */; };
		24DDB3461FDDA922002A0722 /* Main.storyboard in Resources */ = {isa = PBXBuildFile; fileRef = 24DDB3441FDDA922002A0722 /* Main.storyboard */; };
		24DDB3481FDDA922002A0722 /* Assets.xcassets in Resources */ = {isa = PBXBuildFile; fileRef = 24DDB3471FDDA922002A0722 /* Assets.xcassets */; };
		24DDB34B1FDDA922002A0722 /* LaunchScreen.storyboard in Resources */ = {isa = PBXBuildFile; fileRef = 24DDB3491FDDA922002A0722 /* LaunchScreen.storyboard */; };
/* End PBXBuildFile section */

/* Begin PBXFileReference section */
		2468AA4A1FDDACA000E7C506 /* DetailController.swift */ = {isa = PBXFileReference; lastKnownFileType = sourcecode.swift; path = DetailController.swift; sourceTree = "<group>"; };
		248C66381FE1DDBD00620545 /* MissionaryViewController.swift */ = {isa = PBXFileReference; lastKnownFileType = sourcecode.swift; path = MissionaryViewController.swift; sourceTree = "<group>"; };
		24A20E431FE08F0300AAD91C /* MissionaryCell.swift */ = {isa = PBXFileReference; lastKnownFileType = sourcecode.swift; path = MissionaryCell.swift; sourceTree = "<group>"; };
		24A854A21FE0DDF200846A37 /* Missionary.swift */ = {isa = PBXFileReference; lastKnownFileType = sourcecode.swift; path = Missionary.swift; sourceTree = "<group>"; };
		24DDB33D1FDDA922002A0722 /* CCWG Missions App.app */ = {isa = PBXFileReference; explicitFileType = wrapper.application; includeInIndex = 0; path = "CCWG Missions App.app"; sourceTree = BUILT_PRODUCTS_DIR; };
		24DDB3401FDDA922002A0722 /* AppDelegate.swift */ = {isa = PBXFileReference; lastKnownFileType = sourcecode.swift; path = AppDelegate.swift; sourceTree = "<group>"; };
		24DDB3421FDDA922002A0722 /* ViewController.swift */ = {isa = PBXFileReference; lastKnownFileType = sourcecode.swift; path = ViewController.swift; sourceTree = "<group>"; };
		24DDB3451FDDA922002A0722 /* Base */ = {isa = PBXFileReference; lastKnownFileType = file.storyboard; name = Base; path = Base.lproj/Main.storyboard; sourceTree = "<group>"; };
		24DDB3471FDDA922002A0722 /* Assets.xcassets */ = {isa = PBXFileReference; lastKnownFileType = folder.assetcatalog; path = Assets.xcassets; sourceTree = "<group>"; };
		24DDB34A1FDDA922002A0722 /* Base */ = {isa = PBXFileReference; lastKnownFileType = file.storyboard; name = Base; path = Base.lproj/LaunchScreen.storyboard; sourceTree = "<group>"; };
		24DDB34C1FDDA922002A0722 /* Info.plist */ = {isa = PBXFileReference; lastKnownFileType = text.plist.xml; path = Info.plist; sourceTree = "<group>"; };
/* End PBXFileReference section */

/* Begin PBXFrameworksBuildPhase section */
		24DDB33A1FDDA922002A0722 /* Frameworks */ = {
			isa = PBXFrameworksBuildPhase;
			buildActionMask = 2147483647;
			files = (
			);
			runOnlyForDeploymentPostprocessing = 0;
		};
/* End PBXFrameworksBuildPhase section */

/* Begin PBXGroup section */
		24DDB3341FDDA922002A0722 = {
			isa = PBXGroup;
			children = (
				24DDB33F1FDDA922002A0722 /* CCWG Missions App */,
				24DDB33E1FDDA922002A0722 /* Products */,
			);
			sourceTree = "<group>";
		};
		24DDB33E1FDDA922002A0722 /* Products */ = {
			isa = PBXGroup;
			children = (
				24DDB33D1FDDA922002A0722 /* CCWG Missions App.app */,
			);
			name = Products;
			sourceTree = "<group>";
		};
		24DDB33F1FDDA922002A0722 /* CCWG Missions App */ = {
			isa = PBXGroup;
			children = (
				24DDB3401FDDA922002A0722 /* AppDelegate.swift */,
				24DDB3421FDDA922002A0722 /* ViewController.swift */,
				24A854A21FE0DDF200846A37 /* Missionary.swift */,
				2468AA4A1FDDACA000E7C506 /* DetailController.swift */,
				24DDB3441FDDA922002A0722 /* Main.storyboard */,
				248C66381FE1DDBD00620545 /* MissionaryViewController.swift */,
				24A20E431FE08F0300AAD91C /* MissionaryCell.swift */,
				24DDB3471FDDA922002A0722 /* Assets.xcassets */,
				24DDB3491FDDA922002A0722 /* LaunchScreen.storyboard */,
				24DDB34C1FDDA922002A0722 /* Info.plist */,
			);
			path = "CCWG Missions App";
			sourceTree = "<group>";
		};
/* End PBXGroup section */

/* Begin PBXNativeTarget section */
		24DDB33C1FDDA922002A0722 /* CCWG Missions App */ = {
			isa = PBXNativeTarget;
			buildConfigurationList = 24DDB34F1FDDA922002A0722 /* Build configuration list for PBXNativeTarget "CCWG Missions App" */;
			buildPhases = (
				24DDB3391FDDA922002A0722 /* Sources */,
				24DDB33A1FDDA922002A0722 /* Frameworks */,
				24DDB33B1FDDA922002A0722 /* Resources */,
			);
			buildRules = (
			);
			dependencies = (
			);
			name = "CCWG Missions App";
			productName = "CCWG Missions App";
			productReference = 24DDB33D1FDDA922002A0722 /* CCWG Missions App.app */;
			productType = "com.apple.product-type.application";
		};
/* End PBXNativeTarget section */

/* Begin PBXProject section */
		24DDB3351FDDA922002A0722 /* Project object */ = {
			isa = PBXProject;
			attributes = {
				LastSwiftUpdateCheck = 0910;
				LastUpgradeCheck = 0910;
				ORGANIZATIONNAME = "Marcus Houpt";
				TargetAttributes = {
					24DDB33C1FDDA922002A0722 = {
						CreatedOnToolsVersion = 9.1;
						ProvisioningStyle = Automatic;
					};
				};
			};
			buildConfigurationList = 24DDB3381FDDA922002A0722 /* Build configuration list for PBXProject "CCWG Missions App" */;
			compatibilityVersion = "Xcode 8.0";
			developmentRegion = en;
			hasScannedForEncodings = 0;
			knownRegions = (
				en,
				Base,
			);
			mainGroup = 24DDB3341FDDA922002A0722;
			productRefGroup = 24DDB33E1FDDA922002A0722 /* Products */;
			projectDirPath = "";
			projectRoot = "";
			targets = (
				24DDB33C1FDDA922002A0722 /* CCWG Missions App */,
			);
		};
/* End PBXProject section */

/* Begin PBXResourcesBuildPhase section */
		24DDB33B1FDDA922002A0722 /* Resources */ = {
			isa = PBXResourcesBuildPhase;
			buildActionMask = 2147483647;
			files = (
				24DDB34B1FDDA922002A0722 /* LaunchScreen.storyboard in Resources */,
				24DDB3481FDDA922002A0722 /* Assets.xcassets in Resources */,
				24DDB3461FDDA922002A0722 /* Main.storyboard in Resources */,
			);
			runOnlyForDeploymentPostprocessing = 0;
		};
/* End PBXResourcesBuildPhase section */

/* Begin PBXSourcesBuildPhase section */
		24DDB3391FDDA922002A0722 /* Sources */ = {
			isa = PBXSourcesBuildPhase;
			buildActionMask = 2147483647;
			files = (
				24DDB3431FDDA922002A0722 /* ViewController.swift in Sources */,
				24A20E441FE08F0300AAD91C /* MissionaryCell.swift in Sources */,
				248C66391FE1DDBD00620545 /* MissionaryViewController.swift in Sources */,
				24A854A31FE0DDF200846A37 /* Missionary.swift in Sources */,
				2468AA4B1FDDACA000E7C506 /* DetailController.swift in Sources */,
				24DDB3411FDDA922002A0722 /* AppDelegate.swift in Sources */,
			);
			runOnlyForDeploymentPostprocessing = 0;
		};
/* End PBXSourcesBuildPhase section */

/* Begin PBXVariantGroup section */
		24DDB3441FDDA922002A0722 /* Main.storyboard */ = {
			isa = PBXVariantGroup;
			children = (
				24DDB3451FDDA922002A0722 /* Base */,
			);
			name = Main.storyboard;
			sourceTree = "<group>";
		};
		24DDB3491FDDA922002A0722 /* LaunchScreen.storyboard */ = {
			isa = PBXVariantGroup;
			children = (
				24DDB34A1FDDA922002A0722 /* Base */,
			);
			name = LaunchScreen.storyboard;
			sourceTree = "<group>";
		};
/* End PBXVariantGroup section */

/* Begin XCBuildConfiguration section */
		24DDB34D1FDDA922002A0722 /* Debug */ = {
			isa = XCBuildConfiguration;
			buildSettings = {
				ALWAYS_SEARCH_USER_PATHS = NO;
				CLANG_ANALYZER_NONNULL = YES;
				CLANG_ANALYZER_NUMBER_OBJECT_CONVERSION = YES_AGGRESSIVE;
				CLANG_CXX_LANGUAGE_STANDARD = "gnu++14";
				CLANG_CXX_LIBRARY = "libc++";
				CLANG_ENABLE_MODULES = YES;
				CLANG_ENABLE_OBJC_ARC = YES;
				CLANG_WARN_BLOCK_CAPTURE_AUTORELEASING = YES;
				CLANG_WARN_BOOL_CONVERSION = YES;
				CLANG_WARN_COMMA = YES;
				CLANG_WARN_CONSTANT_CONVERSION = YES;
				CLANG_WARN_DIRECT_OBJC_ISA_USAGE = YES_ERROR;
				CLANG_WARN_DOCUMENTATION_COMMENTS = YES;
				CLANG_WARN_EMPTY_BODY = YES;
				CLANG_WARN_ENUM_CONVERSION = YES;
				CLANG_WARN_INFINITE_RECURSION = YES;
				CLANG_WARN_INT_CONVERSION = YES;
				CLANG_WARN_NON_LITERAL_NULL_CONVERSION = YES;
				CLANG_WARN_OBJC_LITERAL_CONVERSION = YES;
				CLANG_WARN_OBJC_ROOT_CLASS = YES_ERROR;
				CLANG_WARN_RANGE_LOOP_ANALYSIS = YES;
				CLANG_WARN_STRICT_PROTOTYPES = YES;
				CLANG_WARN_SUSPICIOUS_MOVE = YES;
				CLANG_WARN_UNGUARDED_AVAILABILITY = YES_AGGRESSIVE;
				CLANG_WARN_UNREACHABLE_CODE = YES;
				CLANG_WARN__DUPLICATE_METHOD_MATCH = YES;
				CODE_SIGN_IDENTITY = "iPhone Developer";
				COPY_PHASE_STRIP = NO;
				DEBUG_INFORMATION_FORMAT = dwarf;
				ENABLE_STRICT_OBJC_MSGSEND = YES;
				ENABLE_TESTABILITY = YES;
				GCC_C_LANGUAGE_STANDARD = gnu11;
				GCC_DYNAMIC_NO_PIC = NO;
				GCC_NO_COMMON_BLOCKS = YES;
				GCC_OPTIMIZATION_LEVEL = 0;
				GCC_PREPROCESSOR_DEFINITIONS = (
					"DEBUG=1",
					"$(inherited)",
				);
				GCC_WARN_64_TO_32_BIT_CONVERSION = YES;
				GCC_WARN_ABOUT_RETURN_TYPE = YES_ERROR;
				GCC_WARN_UNDECLARED_SELECTOR = YES;
				GCC_WARN_UNINITIALIZED_AUTOS = YES_AGGRESSIVE;
				GCC_WARN_UNUSED_FUNCTION = YES;
				GCC_WARN_UNUSED_VARIABLE = YES;
				IPHONEOS_DEPLOYMENT_TARGET = 11.1;
				MTL_ENABLE_DEBUG_INFO = YES;
				ONLY_ACTIVE_ARCH = YES;
				SDKROOT = iphoneos;
				SWIFT_ACTIVE_COMPILATION_CONDITIONS = DEBUG;
				SWIFT_OPTIMIZATION_LEVEL = "-Onone";
			};
			name = Debug;
		};
		24DDB34E1FDDA922002A0722 /* Release */ = {
			isa = XCBuildConfiguration;
			buildSettings = {
				ALWAYS_SEARCH_USER_PATHS = NO;
				CLANG_ANALYZER_NONNULL = YES;
				CLANG_ANALYZER_NUMBER_OBJECT_CONVERSION = YES_AGGRESSIVE;
				CLANG_CXX_LANGUAGE_STANDARD = "gnu++14";
				CLANG_CXX_LIBRARY = "libc++";
				CLANG_ENABLE_MODULES = YES;
				CLANG_ENABLE_OBJC_ARC = YES;
				CLANG_WARN_BLOCK_CAPTURE_AUTORELEASING = YES;
				CLANG_WARN_BOOL_CONVERSION = YES;
				CLANG_WARN_COMMA = YES;
				CLANG_WARN_CONSTANT_CONVERSION = YES;
				CLANG_WARN_DIRECT_OBJC_ISA_USAGE = YES_ERROR;
				CLANG_WARN_DOCUMENTATION_COMMENTS = YES;
				CLANG_WARN_EMPTY_BODY = YES;
				CLANG_WARN_ENUM_CONVERSION = YES;
				CLANG_WARN_INFINITE_RECURSION = YES;
				CLANG_WARN_INT_CONVERSION = YES;
				CLANG_WARN_NON_LITERAL_NULL_CONVERSION = YES;
				CLANG_WARN_OBJC_LITERAL_CONVERSION = YES;
				CLANG_WARN_OBJC_ROOT_CLASS = YES_ERROR;
				CLANG_WARN_RANGE_LOOP_ANALYSIS = YES;
				CLANG_WARN_STRICT_PROTOTYPES = YES;
				CLANG_WARN_SUSPICIOUS_MOVE = YES;
				CLANG_WARN_UNGUARDED_AVAILABILITY = YES_AGGRESSIVE;
				CLANG_WARN_UNREACHABLE_CODE = YES;
				CLANG_WARN__DUPLICATE_METHOD_MATCH = YES;
				CODE_SIGN_IDENTITY = "iPhone Developer";
				COPY_PHASE_STRIP = NO;
				DEBUG_INFORMATION_FORMAT = "dwarf-with-dsym";
				ENABLE_NS_ASSERTIONS = NO;
				ENABLE_STRICT_OBJC_MSGSEND = YES;
				GCC_C_LANGUAGE_STANDARD = gnu11;
				GCC_NO_COMMON_BLOCKS = YES;
				GCC_WARN_64_TO_32_BIT_CONVERSION = YES;
				GCC_WARN_ABOUT_RETURN_TYPE = YES_ERROR;
				GCC_WARN_UNDECLARED_SELECTOR = YES;
				GCC_WARN_UNINITIALIZED_AUTOS = YES_AGGRESSIVE;
				GCC_WARN_UNUSED_FUNCTION = YES;
				GCC_WARN_UNUSED_VARIABLE = YES;
				IPHONEOS_DEPLOYMENT_TARGET = 11.1;
				MTL_ENABLE_DEBUG_INFO = NO;
				SDKROOT = iphoneos;
				SWIFT_OPTIMIZATION_LEVEL = "-Owholemodule";
				VALIDATE_PRODUCT = YES;
			};
			name = Release;
		};
		24DDB3501FDDA922002A0722 /* Debug */ = {
			isa = XCBuildConfiguration;
			buildSettings = {
				ASSETCATALOG_COMPILER_APPICON_NAME = AppIcon;
				CODE_SIGN_STYLE = Automatic;
				DEVELOPMENT_TEAM = CM4R7J5ZLY;
				INFOPLIST_FILE = "CCWG Missions App/Info.plist";
				IPHONEOS_DEPLOYMENT_TARGET = 11.1;
				LD_RUNPATH_SEARCH_PATHS = "$(inherited) @executable_path/Frameworks";
				PRODUCT_BUNDLE_IDENTIFIER = CCWGMissions;
				PRODUCT_NAME = "$(TARGET_NAME)";
				SWIFT_VERSION = 4.0;
				TARGETED_DEVICE_FAMILY = 2;
			};
			name = Debug;
		};
		24DDB3511FDDA922002A0722 /* Release */ = {
			isa = XCBuildConfiguration;
			buildSettings = {
				ASSETCATALOG_COMPILER_APPICON_NAME = AppIcon;
				CODE_SIGN_STYLE = Automatic;
				DEVELOPMENT_TEAM = CM4R7J5ZLY;
				INFOPLIST_FILE = "CCWG Missions App/Info.plist";
				IPHONEOS_DEPLOYMENT_TARGET = 11.1;
				LD_RUNPATH_SEARCH_PATHS = "$(inherited) @executable_path/Frameworks";
				PRODUCT_BUNDLE_IDENTIFIER = CCWGMissions;
				PRODUCT_NAME = "$(TARGET_NAME)";
				SWIFT_VERSION = 4.0;
				TARGETED_DEVICE_FAMILY = 2;
			};
			name = Release;
		};
/* End XCBuildConfiguration section */

/* Begin XCConfigurationList section */
		24DDB3381FDDA922002A0722 /* Build configuration list for PBXProject "CCWG Missions App" */ = {
			isa = XCConfigurationList;
			buildConfigurations = (
				24DDB34D1FDDA922002A0722 /* Debug */,
				24DDB34E1FDDA922002A0722 /* Release */,
			);
			defaultConfigurationIsVisible = 0;
			defaultConfigurationName = Release;
		};
		24DDB34F1FDDA922002A0722 /* Build configuration list for PBXNativeTarget "CCWG Missions App" */ = {
			isa = XCConfigurationList;
			buildConfigurations = (
				24DDB3501FDDA922002A0722 /* Debug */,
				24DDB3511FDDA922002A0722 /* Release */,
			);
			defaultConfigurationIsVisible = 0;
			defaultConfigurationName = Release;
		};
/* End XCConfigurationList section */
	};
	rootObject = 24DDB3351FDDA922002A0722 /* Project object */;
}
